
Microsoft Visual Studio Solution File, Format Version 12.00
# Visual Studio Version 17
VisualStudioVersion = 17.1.32210.238
MinimumVisualStudioVersion = 10.0.40219.1
Project("{9A19103F-16F7-4668-BE54-9A1E7A4F7556}") = "APIGateway", "APIGateway.csproj", "{DB38CEAB-50EB-420E-A718-2007C4A2B5E8}"
EndProject
Global
	GlobalSection(SolutionConfigurationPlatforms) = preSolution
		Debug|Any CPU = Debug|Any CPU
		Release|Any CPU = Release|Any CPU
	EndGlobalSection
	GlobalSection(ProjectConfigurationPlatforms) = postSolution
		{DB38CEAB-50EB-420E-A718-2007C4A2B5E8}.Debug|Any CPU.ActiveCfg = Debug|Any CPU
		{DB38CEAB-50EB-420E-A718-2007C4A2B5E8}.Debug|Any CPU.Build.0 = Debug|Any CPU
		{DB38CEAB-50EB-420E-A718-2007C4A2B5E8}.Release|Any CPU.ActiveCfg = Release|Any CPU
		{DB38CEAB-50EB-420E-A718-2007C4A2B5E8}.Release|Any CPU.Build.0 = Release|Any CPU
	EndGlobalSection
	GlobalSection(SolutionProperties) = preSolution
		HideSolutionNode = FALSE
	EndGlobalSection
	GlobalSection(ExtensibilityGlobals) = postSolution
		SolutionGuid = {CAAC6040-9590-4EC9-A8CC-FCBC2BA52571}
	EndGlobalSection
EndGlobal
