
Microsoft Visual Studio Solution File, Format Version 12.00
# Visual Studio Version 17
VisualStudioVersion = 17.1.32210.238
MinimumVisualStudioVersion = 10.0.40219.1
Project("{9A19103F-16F7-4668-BE54-9A1E7A4F7556}") = "Identity", "Services\Identity\Identity.csproj", "{A39F8423-9F8E-4A44-9F00-58E7BC499166}"
EndProject
Project("{FAE04EC0-301F-11D3-BF4B-00C04F79EFBC}") = "Inventory", "Services\Inventory\Inventory.csproj", "{4786C9D3-F684-4AAB-ABBC-6454F1FCDBAA}"
EndProject
Global
	GlobalSection(SolutionConfigurationPlatforms) = preSolution
		Debug|Any CPU = Debug|Any CPU
		Release|Any CPU = Release|Any CPU
	EndGlobalSection
	GlobalSection(ProjectConfigurationPlatforms) = postSolution
		{A39F8423-9F8E-4A44-9F00-58E7BC499166}.Debug|Any CPU.ActiveCfg = Debug|Any CPU
		{A39F8423-9F8E-4A44-9F00-58E7BC499166}.Debug|Any CPU.Build.0 = Debug|Any CPU
		{A39F8423-9F8E-4A44-9F00-58E7BC499166}.Release|Any CPU.ActiveCfg = Release|Any CPU
		{A39F8423-9F8E-4A44-9F00-58E7BC499166}.Release|Any CPU.Build.0 = Release|Any CPU
		{4786C9D3-F684-4AAB-ABBC-6454F1FCDBAA}.Debug|Any CPU.ActiveCfg = Debug|Any CPU
		{4786C9D3-F684-4AAB-ABBC-6454F1FCDBAA}.Debug|Any CPU.Build.0 = Debug|Any CPU
		{4786C9D3-F684-4AAB-ABBC-6454F1FCDBAA}.Release|Any CPU.ActiveCfg = Release|Any CPU
		{4786C9D3-F684-4AAB-ABBC-6454F1FCDBAA}.Release|Any CPU.Build.0 = Release|Any CPU
	EndGlobalSection
	GlobalSection(SolutionProperties) = preSolution
		HideSolutionNode = FALSE
	EndGlobalSection
	GlobalSection(ExtensibilityGlobals) = postSolution
		SolutionGuid = {00C1D495-CA6C-4391-B2A7-C43DB38B9C5B}
	EndGlobalSection
EndGlobal
